
Microsoft Visual Studio Solution File, Format Version 12.00
# Visual Studio Version 17
VisualStudioVersion = 17.1.32210.238
MinimumVisualStudioVersion = 10.0.40219.1
Project("{FAE04EC0-301F-11D3-BF4B-00C04F79EFBC}") = "SlotMachine", "SlotMachine\SlotMachine.csproj", "{3E57856C-349D-4C2E-B165-3E7B1961C721}"
EndProject
Global
	GlobalSection(SolutionConfigurationPlatforms) = preSolution
		Debug|Any CPU = Debug|Any CPU
		Release|Any CPU = Release|Any CPU
	EndGlobalSection
	GlobalSection(ProjectConfigurationPlatforms) = postSolution
		{3E57856C-349D-4C2E-B165-3E7B1961C721}.Debug|Any CPU.ActiveCfg = Debug|Any CPU
		{3E57856C-349D-4C2E-B165-3E7B1961C721}.Debug|Any CPU.Build.0 = Debug|Any CPU
		{3E57856C-349D-4C2E-B165-3E7B1961C721}.Release|Any CPU.ActiveCfg = Release|Any CPU
		{3E57856C-349D-4C2E-B165-3E7B1961C721}.Release|Any CPU.Build.0 = Release|Any CPU
	EndGlobalSection
	GlobalSection(SolutionProperties) = preSolution
		HideSolutionNode = FALSE
	EndGlobalSection
	GlobalSection(ExtensibilityGlobals) = postSolution
		SolutionGuid = {2D68D949-41A3-43A0-B289-609A9452F058}
	EndGlobalSection
EndGlobal
